
Microsoft Visual Studio Solution File, Format Version 12.00
# Visual Studio Version 17
VisualStudioVersion = 17.9.34701.34
MinimumVisualStudioVersion = 10.0.40219.1
Project("{9A19103F-16F7-4668-BE54-9A1E7A4F7556}") = "ConferenceAttendees.API", "ConferenceAttendees.API\ConferenceAttendees.API.csproj", "{66D1F5FC-1518-4792-A0CD-B1F8E114C4F7}"
EndProject
Project("{9A19103F-16F7-4668-BE54-9A1E7A4F7556}") = "ConferenceAttendees.MVC", "ConferenceAttendees.MVC\ConferenceAttendees.MVC.csproj", "{CDDC1D93-37AB-42EE-89A5-3549101F4939}"
EndProject
Project("{E53339B2-1760-4266-BCC7-CA923CBCF16C}") = "docker-compose", "docker-compose.dcproj", "{D93BFF33-4EAF-4E92-A462-0DB648A98B73}"
EndProject
Project("{2150E333-8FDC-42A3-9474-1A3956D46DE8}") = "nginx", "nginx", "{970601C9-2BED-4259-8D56-D07DDEE94FC4}"
	ProjectSection(SolutionItems) = preProject
		nginx\api-cert.conf = nginx\api-cert.conf
		nginx\api-cert.crt = nginx\api-cert.crt
		nginx\api-cert.key = nginx\api-cert.key
		nginx\api-cert.pfx = nginx\api-cert.pfx
		nginx\Dockerfile = nginx\Dockerfile
		nginx\mvc-cert.conf = nginx\mvc-cert.conf
		nginx\mvc-cert.crt = nginx\mvc-cert.crt
		nginx\mvc-cert.key = nginx\mvc-cert.key
		nginx\mvc-cert.pfx = nginx\mvc-cert.pfx
		nginx\nginx.conf = nginx\nginx.conf
	EndProjectSection
EndProject
Global
	GlobalSection(SolutionConfigurationPlatforms) = preSolution
		Debug|Any CPU = Debug|Any CPU
		Release|Any CPU = Release|Any CPU
	EndGlobalSection
	GlobalSection(ProjectConfigurationPlatforms) = postSolution
		{66D1F5FC-1518-4792-A0CD-B1F8E114C4F7}.Debug|Any CPU.ActiveCfg = Debug|Any CPU
		{66D1F5FC-1518-4792-A0CD-B1F8E114C4F7}.Debug|Any CPU.Build.0 = Debug|Any CPU
		{66D1F5FC-1518-4792-A0CD-B1F8E114C4F7}.Release|Any CPU.ActiveCfg = Release|Any CPU
		{66D1F5FC-1518-4792-A0CD-B1F8E114C4F7}.Release|Any CPU.Build.0 = Release|Any CPU
		{CDDC1D93-37AB-42EE-89A5-3549101F4939}.Debug|Any CPU.ActiveCfg = Debug|Any CPU
		{CDDC1D93-37AB-42EE-89A5-3549101F4939}.Debug|Any CPU.Build.0 = Debug|Any CPU
		{CDDC1D93-37AB-42EE-89A5-3549101F4939}.Release|Any CPU.ActiveCfg = Release|Any CPU
		{CDDC1D93-37AB-42EE-89A5-3549101F4939}.Release|Any CPU.Build.0 = Release|Any CPU
		{D93BFF33-4EAF-4E92-A462-0DB648A98B73}.Debug|Any CPU.ActiveCfg = Debug|Any CPU
		{D93BFF33-4EAF-4E92-A462-0DB648A98B73}.Debug|Any CPU.Build.0 = Debug|Any CPU
		{D93BFF33-4EAF-4E92-A462-0DB648A98B73}.Release|Any CPU.ActiveCfg = Release|Any CPU
		{D93BFF33-4EAF-4E92-A462-0DB648A98B73}.Release|Any CPU.Build.0 = Release|Any CPU
	EndGlobalSection
	GlobalSection(SolutionProperties) = preSolution
		HideSolutionNode = FALSE
	EndGlobalSection
	GlobalSection(ExtensibilityGlobals) = postSolution
		SolutionGuid = {D378D96D-CCBE-4C65-B25C-EBD755DE2399}
	EndGlobalSection
EndGlobal
